<?xml version="1.0" encoding="utf-8"?>
<Project ToolsVersion="4.0" xmlns="http://schemas.microsoft.com/developer/msbuild/2003">
  <ItemGroup>
    <Filter Include="Source Files">
      <UniqueIdentifier>{4FC737F1-C7A5-4376-A066-2A32D752A2FF}</UniqueIdentifier>
      <Extensions>cpp;c;cc;cxx;def;odl;idl;hpj;bat;asm;asmx</Extensions>
    </Filter>
    <Filter Include="Header Files">
      <UniqueIdentifier>{93995380-89BD-4b04-88EB-625FBE52EBFB}</UniqueIdentifier>
      <Extensions>h;hpp;hxx;hm;inl;inc;xsd</Extensions>
    </Filter>
    <Filter Include="Driver Files">
      <UniqueIdentifier>{8E41214B-6785-4CFE-B992-037D68949A14}</UniqueIdentifier>
      <Extensions>inf;inv;inx;mof;mc;</Extensions>
    </Filter>
    <Filter Include="Header Files\Resource Files">
      <UniqueIdentifier>{67DA6AB6-F800-4c08-8B7A-83BB121AAD01}</UniqueIdentifier>
      <Extensions>rc;ico;cur;bmp;dlg;rc2;rct;bin;rgs;gif;jpg;jpeg;jpe;resx;tiff;tif;png;wav;mfcribbon-ms</Extensions>
    </Filter>
    <Filter Include="Source Files\info">
      <UniqueIdentifier>{0f6f1672-6b23-4563-9f2f-687ae47885ca}</UniqueIdentifier>
    </Filter>
    <Filter Include="Source Files\ioctl">
      <UniqueIdentifier>{7bccf574-d427-4860-a2b4-f41e0891f6fa}</UniqueIdentifier>
    </Filter>
    <Filter Include="Header Files\infoHeaders">
      <UniqueIdentifier>{241866dd-a86e-4c43-8168-bba0c1db84d2}</UniqueIdentifier>
    </Filter>
    <Filter Include="Source Files\callbacks">
      <UniqueIdentifier>{ec8ed67d-7a77-4828-aa16-eb15d4d71eeb}</UniqueIdentifier>
    </Filter>
  </ItemGroup>
  <ItemGroup>
    <Inf Include="MiniFilter.inf">
      <Filter>Driver Files</Filter>
    </Inf>
  </ItemGroup>
  <ItemGroup>
    <ClCompile Include="MiniFilter.c">
      <Filter>Source Files</Filter>
    </ClCompile>
    <ClCompile Include="amaterasu.c">
      <Filter>Source Files</Filter>
    </ClCompile>
    <ClCompile Include="token.c">
      <Filter>Source Files</Filter>
    </ClCompile>
    <ClCompile Include="LoadImage.c">
      <Filter>Source Files</Filter>
    </ClCompile>
    <ClCompile Include="RegInfo.c">
      <Filter>Source Files</Filter>
    </ClCompile>
    <ClCompile Include="procdata.c">
      <Filter>Source Files</Filter>
    </ClCompile>
    <ClCompile Include="fileinfo.c">
      <Filter>Source Files</Filter>
    </ClCompile>
    <ClCompile Include="fsinfo.c">
      <Filter>Source Files</Filter>
    </ClCompile>
    <ClCompile Include="procinfo.c">
      <Filter>Source Files</Filter>
    </ClCompile>
    <ClCompile Include="utils.c">
      <Filter>Source Files</Filter>
    </ClCompile>
    <ClCompile Include="infolist.c">
      <Filter>Source Files</Filter>
    </ClCompile>
    <ClCompile Include="info.c">
      <Filter>Source Files</Filter>
    </ClCompile>
    <ClCompile Include="ioctl.c">
      <Filter>Source Files</Filter>
    </ClCompile>
    <ClCompile Include="callbacks.c">
      <Filter>Source Files</Filter>
    </ClCompile>
    <ClCompile Include="reginfotest.c">
      <Filter>Source Files</Filter>
    </ClCompile>
  </ItemGroup>
  <ItemGroup>
    <ResourceCompile Include="MiniFilter.rc">
      <Filter>Header Files\Resource Files</Filter>
    </ResourceCompile>
  </ItemGroup>
  <ItemGroup>
    <ClInclude Include="ioctl.h">
      <Filter>Header Files</Filter>
    </ClInclude>
    <ClInclude Include="amaterasu.h">
      <Filter>Header Files</Filter>
    </ClInclude>
    <ClInclude Include="callbacks.h">
      <Filter>Header Files</Filter>
    </ClInclude>
    <ClInclude Include="token.h">
      <Filter>Header Files</Filter>
    </ClInclude>
    <ClInclude Include="LoadImage.h">
      <Filter>Header Files</Filter>
    </ClInclude>
    <ClInclude Include="RegInfo.h">
      <Filter>Header Files</Filter>
    </ClInclude>
    <ClInclude Include="procdata.h">
      <Filter>Header Files</Filter>
    </ClInclude>
    <ClInclude Include="common.h">
      <Filter>Header Files</Filter>
    </ClInclude>
    <ClInclude Include="fileinfo.h">
      <Filter>Header Files</Filter>
    </ClInclude>
    <ClInclude Include="procinfo.h">
      <Filter>Header Files</Filter>
    </ClInclude>
    <ClInclude Include="utils.h">
      <Filter>Header Files</Filter>
    </ClInclude>
    <ClInclude Include="registration.h">
      <Filter>Header Files</Filter>
    </ClInclude>
    <ClInclude Include="info.h">
      <Filter>Header Files</Filter>
    </ClInclude>
    <ClInclude Include="infolist.h">
      <Filter>Header Files</Filter>
    </ClInclude>
    <ClInclude Include="fsinfo.h">
      <Filter>Header Files</Filter>
    </ClInclude>
  </ItemGroup>
</Project>